# Generated by pub
# See https://dart.dev/tools/pub/glossary#lockfile
packages:
  characters:
    dependency: transitive
    description:
      name: characters
      sha256: faf38497bda5ead2a8c7615f4f7939df04333478bf32e4173fcb06d428b5716b
      url: "https://pub.dev"
    source: hosted
    version: "1.4.1"
  collection:
    dependency: transitive
    description:
      name: collection
      sha256: "2f5709ae4d3d59dd8f7cd309b4e023046b57d8a6c82130785d2b0e5868084e76"
      url: "https://pub.dev"
    source: hosted
    version: "1.19.1"
  flutter:
    dependency: "direct main"
    description: flutter
    source: sdk
    version: "0.0.0"
  material_color_utilities:
    dependency: transitive
    description:
      name: material_color_utilities
      sha256: "9c337007e82b1889149c82ed242ed1cb24a66044e30979c44912381e9be4c48b"
      url: "https://pub.dev"
    source: hosted
    version: "0.13.0"
  meta:
    dependency: transitive
    description:
      name: meta
      sha256: c82594181e3312f3d0695fc95aaaf7758d75b8d4ae2bbecf223b9fd5109a059d
      url: "https://pub.dev"
    source: hosted
    version: "1.18.3"
  path:
    dependency: transitive
    description:
      name: path
      sha256: "75cca69d1490965be98c73ceaea117e8a04dd21217b37b292c9ddbec0d955bc5"
      url: "https://pub.dev"
    source: hosted
    version: "1.9.1"
  plugin_platform_interface:
    dependency: transitive
    description:
      name: plugin_platform_interface
      sha256: "4820fbfdb9478b1ebae27888254d445073732dae3d6ea81f0b7e06d5dedc3f02"
      url: "https://pub.dev"
    source: hosted
    version: "2.1.8"
  sky_engine:
    dependency: transitive
    description: flutter
    source: sdk
    version: "0.0.0"
  vector_math:
    dependency: transitive
    description:
      name: vector_math
      sha256: "1d774bbdf6b72a0b12122fc1560c9c2d2a67db5a4a4cc2bd8a5c990ab20e3188"
      url: "https://pub.dev"
    source: hosted
    version: "2.4.0"
  webview_flutter:
    dependency: "direct main"
    description:
      name: webview_flutter
      sha256: d53e1ccf5516f25017e3c9d44c39034db352d20fa34fe200674270242c2c5111
      url: "https://pub.dev"
    source: hosted
    version: "4.14.1"
  webview_flutter_android:
    dependency: transitive
    description:
      name: webview_flutter_android
      sha256: "4de8b3d1ff4ebe1bdb42e68a5e4f809194a3cb0117a8f495f590004f00da3964"
      url: "https://pub.dev"
    source: hosted
    version: "4.14.1"
  webview_flutter_platform_interface:
    dependency: transitive
    description:
      name: webview_flutter_platform_interface
      sha256: "1221c1b12f5278791042f2ec2841743784cf25c5a644e23d6680e5d718824f04"
      url: "https://pub.dev"
    source: hosted
    version: "2.15.1"
  webview_flutter_wkwebview:
    dependency: transitive
    description:
      name: webview_flutter_wkwebview
      sha256: fe359c7fac1002124b5b9e2ba3a41906bbb9b2d029ccb4a0067404d8f3704730
      url: "https://pub.dev"
    source: hosted
    version: "3.26.1"
sdks:
  dart: ">=3.12.0 <4.0.0"
  flutter: ">=3.44.0"
